
Microsoft Visual Studio Solution File, Format Version 12.00
# Visual Studio Version 17
VisualStudioVersion = 17.9.34723.18
MinimumVisualStudioVersion = 10.0.40219.1
Project("{FAE04EC0-301F-11D3-BF4B-00C04F79EFBC}") = "SalesWebMVC", "SalesWebMVC\SalesWebMVC.csproj", "{DB4365D8-76DE-4969-A9F9-E64F852783D8}"
EndProject
Global
	GlobalSection(SolutionConfigurationPlatforms) = preSolution
		Debug|Any CPU = Debug|Any CPU
		Release|Any CPU = Release|Any CPU
	EndGlobalSection
	GlobalSection(ProjectConfigurationPlatforms) = postSolution
		{DB4365D8-76DE-4969-A9F9-E64F852783D8}.Debug|Any CPU.ActiveCfg = Debug|Any CPU
		{DB4365D8-76DE-4969-A9F9-E64F852783D8}.Debug|Any CPU.Build.0 = Debug|Any CPU
		{DB4365D8-76DE-4969-A9F9-E64F852783D8}.Release|Any CPU.ActiveCfg = Release|Any CPU
		{DB4365D8-76DE-4969-A9F9-E64F852783D8}.Release|Any CPU.Build.0 = Release|Any CPU
	EndGlobalSection
	GlobalSection(SolutionProperties) = preSolution
		HideSolutionNode = FALSE
	EndGlobalSection
	GlobalSection(ExtensibilityGlobals) = postSolution
		SolutionGuid = {B668FE21-1B41-4959-B2C1-0F5B8068E971}
	EndGlobalSection
EndGlobal
